
Microsoft Visual Studio Solution File, Format Version 12.00
# Visual Studio Version 16
VisualStudioVersion = 16.0.29920.165
MinimumVisualStudioVersion = 10.0.40219.1
Project("{FAE04EC0-301F-11D3-BF4B-00C04F79EFBC}") = "TrackerLibrary", "TrackerLibrary\TrackerLibrary.csproj", "{07F7BF82-CDC1-4FED-8E17-E7513475325E}"
EndProject
Project("{FAE04EC0-301F-11D3-BF4B-00C04F79EFBC}") = "TrackerUI", "TrackerUI\TrackerUI.csproj", "{244F80EB-73AD-478E-BB69-8F6B9F670A22}"
EndProject
Global
	GlobalSection(SolutionConfigurationPlatforms) = preSolution
		Debug|Any CPU = Debug|Any CPU
		Release|Any CPU = Release|Any CPU
	EndGlobalSection
	GlobalSection(ProjectConfigurationPlatforms) = postSolution
		{07F7BF82-CDC1-4FED-8E17-E7513475325E}.Debug|Any CPU.ActiveCfg = Debug|Any CPU
		{07F7BF82-CDC1-4FED-8E17-E7513475325E}.Debug|Any CPU.Build.0 = Debug|Any CPU
		{07F7BF82-CDC1-4FED-8E17-E7513475325E}.Release|Any CPU.ActiveCfg = Release|Any CPU
		{07F7BF82-CDC1-4FED-8E17-E7513475325E}.Release|Any CPU.Build.0 = Release|Any CPU
		{244F80EB-73AD-478E-BB69-8F6B9F670A22}.Debug|Any CPU.ActiveCfg = Debug|Any CPU
		{244F80EB-73AD-478E-BB69-8F6B9F670A22}.Debug|Any CPU.Build.0 = Debug|Any CPU
		{244F80EB-73AD-478E-BB69-8F6B9F670A22}.Release|Any CPU.ActiveCfg = Release|Any CPU
		{244F80EB-73AD-478E-BB69-8F6B9F670A22}.Release|Any CPU.Build.0 = Release|Any CPU
	EndGlobalSection
	GlobalSection(SolutionProperties) = preSolution
		HideSolutionNode = FALSE
	EndGlobalSection
	GlobalSection(ExtensibilityGlobals) = postSolution
		SolutionGuid = {BD8ACB8A-BCAE-4C9E-B74E-88C15C86DC51}
	EndGlobalSection
EndGlobal
